<?xml version="1.0" encoding="utf-8"?>
<Project ToolsVersion="4.0" xmlns="http://schemas.microsoft.com/developer/msbuild/2003">
  <ItemGroup>
    <Filter Include="Source Files">
      <UniqueIdentifier>{4FC737F1-C7A5-4376-A066-2A32D752A2FF}</UniqueIdentifier>
      <Extensions>cpp;cxx;c;def</Extensions>
    </Filter>
    <Filter Include="Header Files">
      <UniqueIdentifier>{93995380-89BD-4b04-88EB-625FBE52EBFB}</UniqueIdentifier>
      <Extensions>h</Extensions>
    </Filter>
    <Filter Include="Form Files">
      <UniqueIdentifier>{99349809-55BA-4b9d-BF79-8FDBB0286EB3}</UniqueIdentifier>
      <Extensions>ui</Extensions>
    </Filter>
    <Filter Include="Resource Files">
      <UniqueIdentifier>{D9D6E242-F8AF-46E4-B9FD-80ECBC20BA3E}</UniqueIdentifier>
      <Extensions>qrc;*</Extensions>
      <ParseFiles>false</ParseFiles>
    </Filter>
    <Filter Include="Generated Files">
      <UniqueIdentifier>{71ED8ED8-ACB9-4CE9-BBE1-E00B30144E11}</UniqueIdentifier>
      <Extensions>moc;h;cpp</Extensions>
      <SourceControlFiles>False</SourceControlFiles>
    </Filter>
    <Filter Include="Generated Files\Debug">
      <UniqueIdentifier>{243f17c8-93f2-4fbb-b5c8-cc40b79effab}</UniqueIdentifier>
      <Extensions>cpp;moc</Extensions>
      <SourceControlFiles>False</SourceControlFiles>
    </Filter>
    <Filter Include="Generated Files\Release">
      <UniqueIdentifier>{192ad302-68f2-4f94-928b-6d7eafc6967e}</UniqueIdentifier>
      <Extensions>cpp;moc</Extensions>
      <SourceControlFiles>False</SourceControlFiles>
    </Filter>
    <Filter Include="Translation Files">
      <UniqueIdentifier>{639EADAA-A684-42e4-A9AD-28FC9BCB8F7C}</UniqueIdentifier>
      <Extensions>ts</Extensions>
      <ParseFiles>false</ParseFiles>
    </Filter>
    <Filter Include="widget_count">
      <UniqueIdentifier>{c4c4422a-4c3e-4b93-a33a-c5af8d6cfe96}</UniqueIdentifier>
    </Filter>
  </ItemGroup>
  <ItemGroup>
    <ClCompile Include="main.cpp">
      <Filter>Source Files</Filter>
    </ClCompile>
    <ClCompile Include="multiinterface.cpp">
      <Filter>Source Files</Filter>
    </ClCompile>
    <ClCompile Include="GeneratedFiles\Debug\moc_multiinterface.cpp">
      <Filter>Generated Files\Debug</Filter>
    </ClCompile>
    <ClCompile Include="GeneratedFiles\Release\moc_multiinterface.cpp">
      <Filter>Generated Files\Release</Filter>
    </ClCompile>
    <ClCompile Include="GeneratedFiles\qrc_multiinterface.cpp">
      <Filter>Generated Files</Filter>
    </ClCompile>
    <ClCompile Include="clogfile.cpp">
      <Filter>Source Files</Filter>
    </ClCompile>
    <ClCompile Include="GeneratedFiles\Debug\moc_clogfile.cpp">
      <Filter>Generated Files\Debug</Filter>
    </ClCompile>
    <ClCompile Include="GeneratedFiles\Release\moc_clogfile.cpp">
      <Filter>Generated Files\Release</Filter>
    </ClCompile>
    <ClCompile Include="database.cpp">
      <Filter>Source Files</Filter>
    </ClCompile>
    <ClCompile Include="IOCard.cpp">
      <Filter>Source Files</Filter>
    </ClCompile>
    <ClCompile Include="GeneratedFiles\Debug\moc_IOCard.cpp">
      <Filter>Generated Files\Debug</Filter>
    </ClCompile>
    <ClCompile Include="GeneratedFiles\Release\moc_IOCard.cpp">
      <Filter>Generated Files\Release</Filter>
    </ClCompile>
    <ClCompile Include="widgetwarning.cpp">
      <Filter>Source Files</Filter>
    </ClCompile>
    <ClCompile Include="GeneratedFiles\Debug\moc_widgetSever.cpp">
      <Filter>Generated Files\Debug</Filter>
    </ClCompile>
    <ClCompile Include="GeneratedFiles\Release\moc_widgetSever.cpp">
      <Filter>Generated Files\Release</Filter>
    </ClCompile>
    <ClCompile Include="widgetSever.cpp">
      <Filter>Source Files</Filter>
    </ClCompile>
    <ClCompile Include="GeneratedFiles\Debug\moc_widgetUser.cpp">
      <Filter>Generated Files\Debug</Filter>
    </ClCompile>
    <ClCompile Include="GeneratedFiles\Release\moc_widgetUser.cpp">
      <Filter>Generated Files\Release</Filter>
    </ClCompile>
    <ClCompile Include="widgetUser.cpp">
      <Filter>Source Files</Filter>
    </ClCompile>
    <ClCompile Include="GeneratedFiles\Debug\moc_widgetWarning.cpp">
      <Filter>Generated Files\Debug</Filter>
    </ClCompile>
    <ClCompile Include="GeneratedFiles\Release\moc_widgetWarning.cpp">
      <Filter>Generated Files\Release</Filter>
    </ClCompile>
    <ClCompile Include="widgetAlert.cpp">
      <Filter>Source Files</Filter>
    </ClCompile>
    <ClCompile Include="GeneratedFiles\Debug\moc_widgetAlert.cpp">
      <Filter>Generated Files\Debug</Filter>
    </ClCompile>
    <ClCompile Include="GeneratedFiles\Release\moc_widgetAlert.cpp">
      <Filter>Generated Files\Release</Filter>
    </ClCompile>
    <ClCompile Include="dhbasewidget.cpp">
      <Filter>widget_count</Filter>
    </ClCompile>
    <ClCompile Include="GeneratedFiles\Debug\moc_dhbasewidget.cpp">
      <Filter>Generated Files\Debug</Filter>
    </ClCompile>
    <ClCompile Include="GeneratedFiles\Release\moc_dhbasewidget.cpp">
      <Filter>Generated Files\Release</Filter>
    </ClCompile>
    <ClCompile Include="pieview.cpp">
      <Filter>widget_count</Filter>
    </ClCompile>
    <ClCompile Include="GeneratedFiles\Debug\moc_pieview.cpp">
      <Filter>Generated Files\Debug</Filter>
    </ClCompile>
    <ClCompile Include="GeneratedFiles\Release\moc_pieview.cpp">
      <Filter>Generated Files\Release</Filter>
    </ClCompile>
    <ClCompile Include="qcustomplot.cpp">
      <Filter>widget_count</Filter>
    </ClCompile>
    <ClCompile Include="GeneratedFiles\Debug\moc_qcustomplot.cpp">
      <Filter>Generated Files\Debug</Filter>
    </ClCompile>
    <ClCompile Include="GeneratedFiles\Release\moc_qcustomplot.cpp">
      <Filter>Generated Files\Release</Filter>
    </ClCompile>
    <ClCompile Include="widget_count.cpp">
      <Filter>widget_count</Filter>
    </ClCompile>
    <ClCompile Include="GeneratedFiles\Debug\moc_widget_count.cpp">
      <Filter>Generated Files\Debug</Filter>
    </ClCompile>
    <ClCompile Include="GeneratedFiles\Release\moc_widget_count.cpp">
      <Filter>Generated Files\Release</Filter>
    </ClCompile>
    <ClCompile Include="GeneratedFiles\Debug\moc_widgetMode.cpp">
      <Filter>Generated Files\Debug</Filter>
    </ClCompile>
    <ClCompile Include="GeneratedFiles\Release\moc_widgetMode.cpp">
      <Filter>Generated Files\Release</Filter>
    </ClCompile>
    <ClCompile Include="widgetMode.cpp">
      <Filter>Source Files</Filter>
    </ClCompile>
    <ClCompile Include="ExcelObject.cpp">
      <Filter>widget_count</Filter>
    </ClCompile>
    <ClCompile Include="GeneratedFiles\Debug\moc_ExcelObject.cpp">
      <Filter>Generated Files\Debug</Filter>
    </ClCompile>
    <ClCompile Include="GeneratedFiles\Release\moc_ExcelObject.cpp">
      <Filter>Generated Files\Release</Filter>
    </ClCompile>
  </ItemGroup>
  <ItemGroup>
    <CustomBuild Include="multiinterface.h">
      <Filter>Header Files</Filter>
    </CustomBuild>
    <CustomBuild Include="multiinterface.ui">
      <Filter>Form Files</Filter>
    </CustomBuild>
    <CustomBuild Include="multiinterface.qrc">
      <Filter>Resource Files</Filter>
    </CustomBuild>
    <CustomBuild Include="clogfile.h">
      <Filter>Header Files</Filter>
    </CustomBuild>
    <CustomBuild Include="IOCard.ui">
      <Filter>Form Files</Filter>
    </CustomBuild>
    <CustomBuild Include="IOCard.h">
      <Filter>Header Files</Filter>
    </CustomBuild>
    <CustomBuild Include="userwidget.ui">
      <Filter>Form Files</Filter>
    </CustomBuild>
    <CustomBuild Include="widgetSever.h">
      <Filter>Header Files</Filter>
    </CustomBuild>
    <CustomBuild Include="widgetUser.h">
      <Filter>Header Files</Filter>
    </CustomBuild>
    <CustomBuild Include="widgetWarning.h">
      <Filter>Header Files</Filter>
    </CustomBuild>
    <CustomBuild Include="widgetAlert.h">
      <Filter>Header Files</Filter>
    </CustomBuild>
    <CustomBuild Include="AlertWidget.ui">
      <Filter>Form Files</Filter>
    </CustomBuild>
    <CustomBuild Include="Stool.h">
      <Filter>Header Files</Filter>
    </CustomBuild>
    <CustomBuild Include="GeneratedFiles\ui_AlertWidget.h">
      <Filter>Generated Files</Filter>
    </CustomBuild>
    <CustomBuild Include="GeneratedFiles\ui_IOCard.h">
      <Filter>Generated Files</Filter>
    </CustomBuild>
    <CustomBuild Include="GeneratedFiles\ui_userwidget.h">
      <Filter>Generated Files</Filter>
    </CustomBuild>
    <CustomBuild Include="GeneratedFiles\ui_multiinterface.h">
      <Filter>Generated Files</Filter>
    </CustomBuild>
    <CustomBuild Include="GeneratedFiles\ui_Sever.h">
      <Filter>Generated Files</Filter>
    </CustomBuild>
    <CustomBuild Include="widget_count.ui">
      <Filter>Form Files</Filter>
    </CustomBuild>
    <CustomBuild Include="database.h">
      <Filter>Header Files</Filter>
    </CustomBuild>
    <CustomBuild Include="dhbasewidget.h">
      <Filter>widget_count</Filter>
    </CustomBuild>
    <CustomBuild Include="pieview.h">
      <Filter>widget_count</Filter>
    </CustomBuild>
    <CustomBuild Include="qcustomplot.h">
      <Filter>widget_count</Filter>
    </CustomBuild>
    <CustomBuild Include="widget_count.h">
      <Filter>widget_count</Filter>
    </CustomBuild>
    <CustomBuild Include="multiinterface_zh.ts">
      <Filter>Translation Files</Filter>
    </CustomBuild>
    <CustomBuild Include="ProdectMode.ui">
      <Filter>Form Files</Filter>
    </CustomBuild>
    <CustomBuild Include="widgetMode.h">
      <Filter>Header Files</Filter>
    </CustomBuild>
    <CustomBuild Include="GeneratedFiles\ui_ProdectMode.h">
      <Filter>Generated Files</Filter>
    </CustomBuild>
    <CustomBuild Include="resource.h">
      <Filter>Header Files</Filter>
    </CustomBuild>
    <CustomBuild Include="Resources\LOGO.ico" />
    <CustomBuild Include="ExcelObject.h">
      <Filter>widget_count</Filter>
    </CustomBuild>
  </ItemGroup>
  <ItemGroup>
    <ResourceCompile Include="MultiInterface.rc" />
  </ItemGroup>
</Project>